{
  "name": "@graycore/github-actions-set-versions-from-root",
  "version": "1.0.0",
  "lockfileVersion": 2,
  "requires": true,
  "packages": {
    "": {
      "name": "@graycore/github-actions-set-versions-from-root",
      "version": "1.0.0",
      "license": "MIT",
      "devDependencies": {
        "@types/node": "^16.18.30"
      }
    },
    "node_modules/@types/node": {
      "version": "16.18.30",
      "resolved": "https://registry.npmjs.org/@types/node/-/node-16.18.30.tgz",
      "integrity": "sha512-Kmp/wBZk19Dn7uRiol8kF8agnf8m0+TU9qIwyfPmXglVxMlmiIz0VQSMw5oFgwhmD2aKTlfBIO5FtsVj3y7hKQ==",
      "dev": true
    }
  },
  "dependencies": {
    "@types/node": {
      "version": "16.18.30",
      "resolved": "https://registry.npmjs.org/@types/node/-/node-16.18.30.tgz",
      "integrity": "sha512-Kmp/wBZk19Dn7uRiol8kF8agnf8m0+TU9qIwyfPmXglVxMlmiIz0VQSMw5oFgwhmD2aKTlfBIO5FtsVj3y7hKQ==",
      "dev": true
    }
  }
}
